// !$*UTF8*$!
{
	archiveVersion = 1;
	classes = {
	};
	objectVersion = 46;
	objects = {

/* Begin PBXBuildFile section */
		0E3E88841BC3E22900A3BCD2 /* InfoViewController.swift in Sources */ = {isa = PBXBuildFile; fileRef = 0E3E88831BC3E22900A3BCD2 /* InfoViewController.swift */; settings = {ASSET_TAGS = (); }; };
		0E3F2F831BCD11A000B1E323 /* ContainerViewController.swift in Sources */ = {isa = PBXBuildFile; fileRef = 0E3F2F821BCD11A000B1E323 /* ContainerViewController.swift */; settings = {ASSET_TAGS = (); }; };
		0E6BF30D1B2EE3450005F4E2 /* AppDelegate.swift in Sources */ = {isa = PBXBuildFile; fileRef = 0E6BF30C1B2EE3450005F4E2 /* AppDelegate.swift */; };
		0E6BF3121B2EE3450005F4E2 /* Main.storyboard in Resources */ = {isa = PBXBuildFile; fileRef = 0E6BF3101B2EE3450005F4E2 /* Main.storyboard */; };
		0E6BF3141B2EE3450005F4E2 /* Images.xcassets in Resources */ = {isa = PBXBuildFile; fileRef = 0E6BF3131B2EE3450005F4E2 /* Images.xcassets */; };
		0E6BF32D1B2EE54C0005F4E2 /* ReminderSortViewController.swift in Sources */ = {isa = PBXBuildFile; fileRef = 0E6BF32C1B2EE54C0005F4E2 /* ReminderSortViewController.swift */; };
		0E77741E1BCFAD2E00D6720D /* QuickScrollViewController.swift in Sources */ = {isa = PBXBuildFile; fileRef = 0E77741D1BCFAD2E00D6720D /* QuickScrollViewController.swift */; settings = {ASSET_TAGS = (); }; };
		0ED67A851BC27E1E00F91BF8 /* Settings.bundle in Resources */ = {isa = PBXBuildFile; fileRef = 0ED67A841BC27E1E00F91BF8 /* Settings.bundle */; settings = {ASSET_TAGS = (); }; };
		0EDDCADC1BD1DC9900431C3F /* NavigationViewController.swift in Sources */ = {isa = PBXBuildFile; fileRef = 0EDDCADB1BD1DC9900431C3F /* NavigationViewController.swift */; settings = {ASSET_TAGS = (); }; };
		0EE5ED351B984E01008A2F26 /* iCloudReminderManager.swift in Sources */ = {isa = PBXBuildFile; fileRef = 0EE5ED341B984E01008A2F26 /* iCloudReminderManager.swift */; };
		0EED9C191B8C4E7E000A98E0 /* ShoppingListItemTableViewCell.swift in Sources */ = {isa = PBXBuildFile; fileRef = 0EED9C181B8C4E7E000A98E0 /* ShoppingListItemTableViewCell.swift */; };
/* End PBXBuildFile section */

/* Begin PBXContainerItemProxy section */
		0E6BF31D1B2EE3460005F4E2 /* PBXContainerItemProxy */ = {
			isa = PBXContainerItemProxy;
			containerPortal = 0E6BF2FF1B2EE3450005F4E2 /* Project object */;
			proxyType = 1;
			remoteGlobalIDString = 0E6BF3061B2EE3450005F4E2;
			remoteInfo = ReminderSorter;
		};
/* End PBXContainerItemProxy section */

/* Begin PBXFileReference section */
		0E3E88831BC3E22900A3BCD2 /* InfoViewController.swift */ = {isa = PBXFileReference; fileEncoding = 4; lastKnownFileType = sourcecode.swift; path = InfoViewController.swift; sourceTree = "<group>"; };
		0E3F2F821BCD11A000B1E323 /* ContainerViewController.swift */ = {isa = PBXFileReference; fileEncoding = 4; lastKnownFileType = sourcecode.swift; path = ContainerViewController.swift; sourceTree = "<group>"; };
		0E6BF3071B2EE3450005F4E2 /* ReminderSorter.app */ = {isa = PBXFileReference; explicitFileType = wrapper.application; includeInIndex = 0; path = ReminderSorter.app; sourceTree = BUILT_PRODUCTS_DIR; };
		0E6BF30B1B2EE3450005F4E2 /* Info.plist */ = {isa = PBXFileReference; lastKnownFileType = text.plist.xml; path = Info.plist; sourceTree = "<group>"; };
		0E6BF30C1B2EE3450005F4E2 /* AppDelegate.swift */ = {isa = PBXFileReference; lastKnownFileType = sourcecode.swift; path = AppDelegate.swift; sourceTree = "<group>"; };
		0E6BF3111B2EE3450005F4E2 /* Base */ = {isa = PBXFileReference; lastKnownFileType = file.storyboard; name = Base; path = Base.lproj/Main.storyboard; sourceTree = "<group>"; };
		0E6BF3131B2EE3450005F4E2 /* Images.xcassets */ = {isa = PBXFileReference; lastKnownFileType = folder.assetcatalog; path = Images.xcassets; sourceTree = "<group>"; };
		0E6BF31C1B2EE3460005F4E2 /* ReminderSorterTests.xctest */ = {isa = PBXFileReference; explicitFileType = wrapper.cfbundle; includeInIndex = 0; path = ReminderSorterTests.xctest; sourceTree = BUILT_PRODUCTS_DIR; };
		0E6BF32C1B2EE54C0005F4E2 /* ReminderSortViewController.swift */ = {isa = PBXFileReference; fileEncoding = 4; lastKnownFileType = sourcecode.swift; path = ReminderSortViewController.swift; sourceTree = "<group>"; };
		0E77741D1BCFAD2E00D6720D /* QuickScrollViewController.swift */ = {isa = PBXFileReference; fileEncoding = 4; lastKnownFileType = sourcecode.swift; path = QuickScrollViewController.swift; sourceTree = "<group>"; };
		0ED67A841BC27E1E00F91BF8 /* Settings.bundle */ = {isa = PBXFileReference; lastKnownFileType = "wrapper.plug-in"; path = Settings.bundle; sourceTree = "<group>"; };
		0EDDCADB1BD1DC9900431C3F /* NavigationViewController.swift */ = {isa = PBXFileReference; fileEncoding = 4; lastKnownFileType = sourcecode.swift; path = NavigationViewController.swift; sourceTree = "<group>"; };
		0EE5ED341B984E01008A2F26 /* iCloudReminderManager.swift */ = {isa = PBXFileReference; fileEncoding = 4; lastKnownFileType = sourcecode.swift; path = iCloudReminderManager.swift; sourceTree = "<group>"; };
		0EED9C181B8C4E7E000A98E0 /* ShoppingListItemTableViewCell.swift */ = {isa = PBXFileReference; fileEncoding = 4; lastKnownFileType = sourcecode.swift; path = ShoppingListItemTableViewCell.swift; sourceTree = "<group>"; };
/* End PBXFileReference section */

/* Begin PBXFrameworksBuildPhase section */
		0E6BF3041B2EE3450005F4E2 /* Frameworks */ = {
			isa = PBXFrameworksBuildPhase;
			buildActionMask = 2147483647;
			files = (
			);
			runOnlyForDeploymentPostprocessing = 0;
		};
		0E6BF3191B2EE3460005F4E2 /* Frameworks */ = {
			isa = PBXFrameworksBuildPhase;
			buildActionMask = 2147483647;
			files = (
			);
			runOnlyForDeploymentPostprocessing = 0;
		};
/* End PBXFrameworksBuildPhase section */

/* Begin PBXGroup section */
		0E6BF2FE1B2EE3450005F4E2 = {
			isa = PBXGroup;
			children = (
				0ED67A841BC27E1E00F91BF8 /* Settings.bundle */,
				0E6BF3091B2EE3450005F4E2 /* ReminderSorter */,
				0E6BF3081B2EE3450005F4E2 /* Products */,
			);
			sourceTree = "<group>";
		};
		0E6BF3081B2EE3450005F4E2 /* Products */ = {
			isa = PBXGroup;
			children = (
				0E6BF3071B2EE3450005F4E2 /* ReminderSorter.app */,
				0E6BF31C1B2EE3460005F4E2 /* ReminderSorterTests.xctest */,
			);
			name = Products;
			sourceTree = "<group>";
		};
		0E6BF3091B2EE3450005F4E2 /* ReminderSorter */ = {
			isa = PBXGroup;
			children = (
				0E6BF30C1B2EE3450005F4E2 /* AppDelegate.swift */,
				0E6BF3101B2EE3450005F4E2 /* Main.storyboard */,
				0EED9C181B8C4E7E000A98E0 /* ShoppingListItemTableViewCell.swift */,
				0E6BF3131B2EE3450005F4E2 /* Images.xcassets */,
				0E6BF30A1B2EE3450005F4E2 /* Supporting Files */,
				0E6BF32C1B2EE54C0005F4E2 /* ReminderSortViewController.swift */,
				0EE5ED341B984E01008A2F26 /* iCloudReminderManager.swift */,
				0E3E88831BC3E22900A3BCD2 /* InfoViewController.swift */,
				0E3F2F821BCD11A000B1E323 /* ContainerViewController.swift */,
				0E77741D1BCFAD2E00D6720D /* QuickScrollViewController.swift */,
				0EDDCADB1BD1DC9900431C3F /* NavigationViewController.swift */,
			);
			path = ReminderSorter;
			sourceTree = "<group>";
		};
		0E6BF30A1B2EE3450005F4E2 /* Supporting Files */ = {
			isa = PBXGroup;
			children = (
				0E6BF30B1B2EE3450005F4E2 /* Info.plist */,
			);
			name = "Supporting Files";
			sourceTree = "<group>";
		};
/* End PBXGroup section */

/* Begin PBXNativeTarget section */
		0E6BF3061B2EE3450005F4E2 /* ReminderSorter */ = {
			isa = PBXNativeTarget;
			buildConfigurationList = 0E6BF3261B2EE3460005F4E2 /* Build configuration list for PBXNativeTarget "ReminderSorter" */;
			buildPhases = (
				0E6BF3031B2EE3450005F4E2 /* Sources */,
				0E6BF3041B2EE3450005F4E2 /* Frameworks */,
				0E6BF3051B2EE3450005F4E2 /* Resources */,
			);
			buildRules = (
			);
			dependencies = (
			);
			name = ReminderSorter;
			productName = ReminderSorter;
			productReference = 0E6BF3071B2EE3450005F4E2 /* ReminderSorter.app */;
			productType = "com.apple.product-type.application";
		};
		0E6BF31B1B2EE3460005F4E2 /* ReminderSorterTests */ = {
			isa = PBXNativeTarget;
			buildConfigurationList = 0E6BF3291B2EE3460005F4E2 /* Build configuration list for PBXNativeTarget "ReminderSorterTests" */;
			buildPhases = (
				0E6BF3181B2EE3460005F4E2 /* Sources */,
				0E6BF3191B2EE3460005F4E2 /* Frameworks */,
				0E6BF31A1B2EE3460005F4E2 /* Resources */,
			);
			buildRules = (
			);
			dependencies = (
				0E6BF31E1B2EE3460005F4E2 /* PBXTargetDependency */,
			);
			name = ReminderSorterTests;
			productName = ReminderSorterTests;
			productReference = 0E6BF31C1B2EE3460005F4E2 /* ReminderSorterTests.xctest */;
			productType = "com.apple.product-type.bundle.unit-test";
		};
/* End PBXNativeTarget section */

/* Begin PBXProject section */
		0E6BF2FF1B2EE3450005F4E2 /* Project object */ = {
			isa = PBXProject;
			attributes = {
				LastSwiftMigration = 0700;
				LastSwiftUpdateCheck = 0700;
				LastUpgradeCheck = 0700;
				ORGANIZATIONNAME = "Stephen Haxby";
				TargetAttributes = {
					0E6BF3061B2EE3450005F4E2 = {
						CreatedOnToolsVersion = 6.3.2;
						DevelopmentTeam = BWGHTFZGRF;
					};
					0E6BF31B1B2EE3460005F4E2 = {
						CreatedOnToolsVersion = 6.3.2;
						TestTargetID = 0E6BF3061B2EE3450005F4E2;
					};
				};
			};
			buildConfigurationList = 0E6BF3021B2EE3450005F4E2 /* Build configuration list for PBXProject "ReminderSorter" */;
			compatibilityVersion = "Xcode 3.2";
			developmentRegion = English;
			hasScannedForEncodings = 0;
			knownRegions = (
				en,
				Base,
			);
			mainGroup = 0E6BF2FE1B2EE3450005F4E2;
			productRefGroup = 0E6BF3081B2EE3450005F4E2 /* Products */;
			projectDirPath = "";
			projectRoot = "";
			targets = (
				0E6BF3061B2EE3450005F4E2 /* ReminderSorter */,
				0E6BF31B1B2EE3460005F4E2 /* ReminderSorterTests */,
			);
		};
/* End PBXProject section */

/* Begin PBXResourcesBuildPhase section */
		0E6BF3051B2EE3450005F4E2 /* Resources */ = {
			isa = PBXResourcesBuildPhase;
			buildActionMask = 2147483647;
			files = (
				0E6BF3121B2EE3450005F4E2 /* Main.storyboard in Resources */,
				0ED67A851BC27E1E00F91BF8 /* Settings.bundle in Resources */,
				0E6BF3141B2EE3450005F4E2 /* Images.xcassets in Resources */,
			);
			runOnlyForDeploymentPostprocessing = 0;
		};
		0E6BF31A1B2EE3460005F4E2 /* Resources */ = {
			isa = PBXResourcesBuildPhase;
			buildActionMask = 2147483647;
			files = (
			);
			runOnlyForDeploymentPostprocessing = 0;
		};
/* End PBXResourcesBuildPhase section */

/* Begin PBXSourcesBuildPhase section */
		0E6BF3031B2EE3450005F4E2 /* Sources */ = {
			isa = PBXSourcesBuildPhase;
			buildActionMask = 2147483647;
			files = (
				0EDDCADC1BD1DC9900431C3F /* NavigationViewController.swift in Sources */,
				0E6BF32D1B2EE54C0005F4E2 /* ReminderSortViewController.swift in Sources */,
				0EED9C191B8C4E7E000A98E0 /* ShoppingListItemTableViewCell.swift in Sources */,
				0E6BF30D1B2EE3450005F4E2 /* AppDelegate.swift in Sources */,
				0EE5ED351B984E01008A2F26 /* iCloudReminderManager.swift in Sources */,
				0E77741E1BCFAD2E00D6720D /* QuickScrollViewController.swift in Sources */,
				0E3F2F831BCD11A000B1E323 /* ContainerViewController.swift in Sources */,
				0E3E88841BC3E22900A3BCD2 /* InfoViewController.swift in Sources */,
			);
			runOnlyForDeploymentPostprocessing = 0;
		};
		0E6BF3181B2EE3460005F4E2 /* Sources */ = {
			isa = PBXSourcesBuildPhase;
			buildActionMask = 2147483647;
			files = (
			);
			runOnlyForDeploymentPostprocessing = 0;
		};
/* End PBXSourcesBuildPhase section */

/* Begin PBXTargetDependency section */
		0E6BF31E1B2EE3460005F4E2 /* PBXTargetDependency */ = {
			isa = PBXTargetDependency;
			target = 0E6BF3061B2EE3450005F4E2 /* ReminderSorter */;
			targetProxy = 0E6BF31D1B2EE3460005F4E2 /* PBXContainerItemProxy */;
		};
/* End PBXTargetDependency section */

/* Begin PBXVariantGroup section */
		0E6BF3101B2EE3450005F4E2 /* Main.storyboard */ = {
			isa = PBXVariantGroup;
			children = (
				0E6BF3111B2EE3450005F4E2 /* Base */,
			);
			name = Main.storyboard;
			sourceTree = "<group>";
		};
/* End PBXVariantGroup section */

/* Begin XCBuildConfiguration section */
		0E6BF3241B2EE3460005F4E2 /* Debug */ = {
			isa = XCBuildConfiguration;
			buildSettings = {
				ALWAYS_SEARCH_USER_PATHS = NO;
				CLANG_CXX_LANGUAGE_STANDARD = "gnu++0x";
				CLANG_CXX_LIBRARY = "libc++";
				CLANG_ENABLE_MODULES = YES;
				CLANG_ENABLE_OBJC_ARC = YES;
				CLANG_WARN_BOOL_CONVERSION = YES;
				CLANG_WARN_CONSTANT_CONVERSION = YES;
				CLANG_WARN_DIRECT_OBJC_ISA_USAGE = YES_ERROR;
				CLANG_WARN_EMPTY_BODY = YES;
				CLANG_WARN_ENUM_CONVERSION = YES;
				CLANG_WARN_INT_CONVERSION = YES;
				CLANG_WARN_OBJC_ROOT_CLASS = YES_ERROR;
				CLANG_WARN_UNREACHABLE_CODE = YES;
				CLANG_WARN__DUPLICATE_METHOD_MATCH = YES;
				"CODE_SIGN_IDENTITY[sdk=iphoneos*]" = "iPhone Developer";
				COPY_PHASE_STRIP = NO;
				DEBUG_INFORMATION_FORMAT = "dwarf-with-dsym";
				ENABLE_STRICT_OBJC_MSGSEND = YES;
				ENABLE_TESTABILITY = YES;
				GCC_C_LANGUAGE_STANDARD = gnu99;
				GCC_DYNAMIC_NO_PIC = NO;
				GCC_NO_COMMON_BLOCKS = YES;
				GCC_OPTIMIZATION_LEVEL = 0;
				GCC_PREPROCESSOR_DEFINITIONS = (
					"DEBUG=1",
					"$(inherited)",
				);
				GCC_SYMBOLS_PRIVATE_EXTERN = NO;
				GCC_WARN_64_TO_32_BIT_CONVERSION = YES;
				GCC_WARN_ABOUT_RETURN_TYPE = YES_ERROR;
				GCC_WARN_UNDECLARED_SELECTOR = YES;
				GCC_WARN_UNINITIALIZED_AUTOS = YES_AGGRESSIVE;
				GCC_WARN_UNUSED_FUNCTION = YES;
				GCC_WARN_UNUSED_VARIABLE = YES;
				IPHONEOS_DEPLOYMENT_TARGET = 8.3;
				MTL_ENABLE_DEBUG_INFO = YES;
				ONLY_ACTIVE_ARCH = YES;
				SDKROOT = iphoneos;
				SWIFT_OPTIMIZATION_LEVEL = "-Onone";
				TARGETED_DEVICE_FAMILY = "1,2";
			};
			name = Debug;
		};
		0E6BF3251B2EE3460005F4E2 /* Release */ = {
			isa = XCBuildConfiguration;
			buildSettings = {
				ALWAYS_SEARCH_USER_PATHS = NO;
				CLANG_CXX_LANGUAGE_STANDARD = "gnu++0x";
				CLANG_CXX_LIBRARY = "libc++";
				CLANG_ENABLE_MODULES = YES;
				CLANG_ENABLE_OBJC_ARC = YES;
				CLANG_WARN_BOOL_CONVERSION = YES;
				CLANG_WARN_CONSTANT_CONVERSION = YES;
				CLANG_WARN_DIRECT_OBJC_ISA_USAGE = YES_ERROR;
				CLANG_WARN_EMPTY_BODY = YES;
				CLANG_WARN_ENUM_CONVERSION = YES;
				CLANG_WARN_INT_CONVERSION = YES;
				CLANG_WARN_OBJC_ROOT_CLASS = YES_ERROR;
				CLANG_WARN_UNREACHABLE_CODE = YES;
				CLANG_WARN__DUPLICATE_METHOD_MATCH = YES;
				"CODE_SIGN_IDENTITY[sdk=iphoneos*]" = "iPhone Developer";
				COPY_PHASE_STRIP = NO;
				DEBUG_INFORMATION_FORMAT = "dwarf-with-dsym";
				ENABLE_NS_ASSERTIONS = NO;
				ENABLE_STRICT_OBJC_MSGSEND = YES;
				GCC_C_LANGUAGE_STANDARD = gnu99;
				GCC_NO_COMMON_BLOCKS = YES;
				GCC_WARN_64_TO_32_BIT_CONVERSION = YES;
				GCC_WARN_ABOUT_RETURN_TYPE = YES_ERROR;
				GCC_WARN_UNDECLARED_SELECTOR = YES;
				GCC_WARN_UNINITIALIZED_AUTOS = YES_AGGRESSIVE;
				GCC_WARN_UNUSED_FUNCTION = YES;
				GCC_WARN_UNUSED_VARIABLE = YES;
				IPHONEOS_DEPLOYMENT_TARGET = 8.3;
				MTL_ENABLE_DEBUG_INFO = NO;
				SDKROOT = iphoneos;
				TARGETED_DEVICE_FAMILY = "1,2";
				VALIDATE_PRODUCT = YES;
			};
			name = Release;
		};
		0E6BF3271B2EE3460005F4E2 /* Debug */ = {
			isa = XCBuildConfiguration;
			buildSettings = {
				ASSETCATALOG_COMPILER_APPICON_NAME = AppIcon;
				CODE_SIGN_IDENTITY = "iPhone Developer";
				INFOPLIST_FILE = ReminderSorter/Info.plist;
				LD_RUNPATH_SEARCH_PATHS = "$(inherited) @executable_path/Frameworks";
				PRODUCT_BUNDLE_IDENTIFIER = "com.MyCompany.$(PRODUCT_NAME:rfc1034identifier)";
				PRODUCT_NAME = "$(TARGET_NAME)";
				TARGETED_DEVICE_FAMILY = 1;
			};
			name = Debug;
		};
		0E6BF3281B2EE3460005F4E2 /* Release */ = {
			isa = XCBuildConfiguration;
			buildSettings = {
				ASSETCATALOG_COMPILER_APPICON_NAME = AppIcon;
				CODE_SIGN_IDENTITY = "iPhone Developer";
				INFOPLIST_FILE = ReminderSorter/Info.plist;
				LD_RUNPATH_SEARCH_PATHS = "$(inherited) @executable_path/Frameworks";
				PRODUCT_BUNDLE_IDENTIFIER = "com.MyCompany.$(PRODUCT_NAME:rfc1034identifier)";
				PRODUCT_NAME = "$(TARGET_NAME)";
				TARGETED_DEVICE_FAMILY = 1;
			};
			name = Release;
		};
		0E6BF32A1B2EE3460005F4E2 /* Debug */ = {
			isa = XCBuildConfiguration;
			buildSettings = {
				BUNDLE_LOADER = "$(TEST_HOST)";
				FRAMEWORK_SEARCH_PATHS = (
					"$(SDKROOT)/Developer/Library/Frameworks",
					"$(inherited)",
				);
				"FRAMEWORK_SEARCH_PATHS[arch=*]" = (
					"$(SDKROOT)/Developer/Library/Frameworks",
					"$(inherited)",
				);
				GCC_PREPROCESSOR_DEFINITIONS = (
					"DEBUG=1",
					"$(inherited)",
				);
				INFOPLIST_FILE = ReminderSorterTests/Info.plist;
				LD_RUNPATH_SEARCH_PATHS = "$(inherited) @executable_path/Frameworks @loader_path/Frameworks";
				PRODUCT_BUNDLE_IDENTIFIER = "com.MyCompany.$(PRODUCT_NAME:rfc1034identifier)";
				PRODUCT_NAME = "$(TARGET_NAME)";
				TEST_HOST = "";
				"TEST_HOST[sdk=*]" = "";
			};
			name = Debug;
		};
		0E6BF32B1B2EE3460005F4E2 /* Release */ = {
			isa = XCBuildConfiguration;
			buildSettings = {
				BUNDLE_LOADER = "$(TEST_HOST)";
				FRAMEWORK_SEARCH_PATHS = (
					"$(SDKROOT)/Developer/Library/Frameworks",
					"$(inherited)",
				);
				"FRAMEWORK_SEARCH_PATHS[arch=*]" = (
					"$(SDKROOT)/Developer/Library/Frameworks",
					"$(inherited)",
				);
				INFOPLIST_FILE = ReminderSorterTests/Info.plist;
				LD_RUNPATH_SEARCH_PATHS = "$(inherited) @executable_path/Frameworks @loader_path/Frameworks";
				PRODUCT_BUNDLE_IDENTIFIER = "com.MyCompany.$(PRODUCT_NAME:rfc1034identifier)";
				PRODUCT_NAME = "$(TARGET_NAME)";
				TEST_HOST = "";
				"TEST_HOST[sdk=*]" = "";
			};
			name = Release;
		};
/* End XCBuildConfiguration section */

/* Begin XCConfigurationList section */
		0E6BF3021B2EE3450005F4E2 /* Build configuration list for PBXProject "ReminderSorter" */ = {
			isa = XCConfigurationList;
			buildConfigurations = (
				0E6BF3241B2EE3460005F4E2 /* Debug */,
				0E6BF3251B2EE3460005F4E2 /* Release */,
			);
			defaultConfigurationIsVisible = 0;
			defaultConfigurationName = Release;
		};
		0E6BF3261B2EE3460005F4E2 /* Build configuration list for PBXNativeTarget "ReminderSorter" */ = {
			isa = XCConfigurationList;
			buildConfigurations = (
				0E6BF3271B2EE3460005F4E2 /* Debug */,
				0E6BF3281B2EE3460005F4E2 /* Release */,
			);
			defaultConfigurationIsVisible = 0;
			defaultConfigurationName = Release;
		};
		0E6BF3291B2EE3460005F4E2 /* Build configuration list for PBXNativeTarget "ReminderSorterTests" */ = {
			isa = XCConfigurationList;
			buildConfigurations = (
				0E6BF32A1B2EE3460005F4E2 /* Debug */,
				0E6BF32B1B2EE3460005F4E2 /* Release */,
			);
			defaultConfigurationIsVisible = 0;
			defaultConfigurationName = Release;
		};
/* End XCConfigurationList section */
	};
	rootObject = 0E6BF2FF1B2EE3450005F4E2 /* Project object */;
}
